
Microsoft Visual Studio Solution File, Format Version 12.00
# Visual Studio Version 17
VisualStudioVersion = 17.5.33530.505
MinimumVisualStudioVersion = 10.0.40219.1
Project("{FAE04EC0-301F-11D3-BF4B-00C04F79EFBC}") = "Csharp_Programming_Examples", "Csharp_Programming_Examples.csproj", "{DE9258E7-9E3F-4858-9A34-8DFB9C4323C5}"
EndProject
Global
	GlobalSection(SolutionConfigurationPlatforms) = preSolution
		Debug|Any CPU = Debug|Any CPU
		Release|Any CPU = Release|Any CPU
	EndGlobalSection
	GlobalSection(ProjectConfigurationPlatforms) = postSolution
		{DE9258E7-9E3F-4858-9A34-8DFB9C4323C5}.Debug|Any CPU.ActiveCfg = Debug|Any CPU
		{DE9258E7-9E3F-4858-9A34-8DFB9C4323C5}.Debug|Any CPU.Build.0 = Debug|Any CPU
		{DE9258E7-9E3F-4858-9A34-8DFB9C4323C5}.Release|Any CPU.ActiveCfg = Release|Any CPU
		{DE9258E7-9E3F-4858-9A34-8DFB9C4323C5}.Release|Any CPU.Build.0 = Release|Any CPU
	EndGlobalSection
	GlobalSection(SolutionProperties) = preSolution
		HideSolutionNode = FALSE
	EndGlobalSection
	GlobalSection(ExtensibilityGlobals) = postSolution
		SolutionGuid = {D8F29C59-1CE7-4874-9622-02B1B82A47E4}
	EndGlobalSection
EndGlobal
